# THIS IS AN AUTOGENERATED FILE. DO NOT EDIT THIS FILE DIRECTLY.
# yarn lockfile v1


"@sanity/webhook@^1.0.2":
  version "1.0.2"
  resolved "https://registry.yarnpkg.com/@sanity/webhook/-/webhook-1.0.2.tgz#4e8dc5e6475b7c1af7f9b33a17101244e6d203ea"
  integrity sha512-WV31Y8XNKOULoYTgKe3BF5ErVDD8XlS81EcRjj0kNOKuPrVfHDzxwymop4HNTGt6vxrVnTTAfR/XoWL3jFeC5g==
  dependencies:
    base64url "^3.0.1"
    tslib "^2.3.1"

base64url@^3.0.1:
  version "3.0.1"
  resolved "https://registry.yarnpkg.com/base64url/-/base64url-3.0.1.tgz#6399d572e2bc3f90a9a8b22d5dbb0a32d33f788d"
  integrity sha512-ir1UPr3dkwexU7FdV8qBBbNDRUhMmIekYMFZfi+C/sLNnRESKPl23nB9b2pltqfOQNnGzsDdId90AEtG5tCx4A==

tslib@^2.3.1:
  version "2.4.0"
  resolved "https://registry.yarnpkg.com/tslib/-/tslib-2.4.0.tgz#7cecaa7f073ce680a05847aa77be941098f36dc3"
  integrity sha512-d6xOpEDfsi2CZVlPQzGeux8XMwLT9hssAsaPYExaQMuYskwb+x1x7J371tWlbBdWHroy99KnVB6qIkUbs5X3UQ==
